
Microsoft Visual Studio Solution File, Format Version 12.00
# Visual Studio Version 17
VisualStudioVersion = 17.0.31903.59
MinimumVisualStudioVersion = 10.0.40219.1
Project("{FAE04EC0-301F-11D3-BF4B-00C04F79EFBC}") = "API", "API\API.csproj", "{D714A899-902C-4771-ADB8-96CABC6E2E3A}"
EndProject
Project("{FAE04EC0-301F-11D3-BF4B-00C04F79EFBC}") = "Application", "Application\Application.csproj", "{E5FE516F-C612-4A77-86A5-08ADDB76BB8E}"
EndProject
Project("{FAE04EC0-301F-11D3-BF4B-00C04F79EFBC}") = "Domain", "Domain\Domain.csproj", "{D359A59B-095E-4194-978C-648C9E95E5C4}"
EndProject
Project("{FAE04EC0-301F-11D3-BF4B-00C04F79EFBC}") = "Persistence", "Persistence\Persistence.csproj", "{2E0EA2FC-045F-4B8D-8D49-4805E0731390}"
EndProject
Global
	GlobalSection(SolutionConfigurationPlatforms) = preSolution
		Debug|Any CPU = Debug|Any CPU
		Debug|x64 = Debug|x64
		Debug|x86 = Debug|x86
		Release|Any CPU = Release|Any CPU
		Release|x64 = Release|x64
		Release|x86 = Release|x86
	EndGlobalSection
	GlobalSection(ProjectConfigurationPlatforms) = postSolution
		{D714A899-902C-4771-ADB8-96CABC6E2E3A}.Debug|Any CPU.ActiveCfg = Debug|Any CPU
		{D714A899-902C-4771-ADB8-96CABC6E2E3A}.Debug|Any CPU.Build.0 = Debug|Any CPU
		{D714A899-902C-4771-ADB8-96CABC6E2E3A}.Debug|x64.ActiveCfg = Debug|Any CPU
		{D714A899-902C-4771-ADB8-96CABC6E2E3A}.Debug|x64.Build.0 = Debug|Any CPU
		{D714A899-902C-4771-ADB8-96CABC6E2E3A}.Debug|x86.ActiveCfg = Debug|Any CPU
		{D714A899-902C-4771-ADB8-96CABC6E2E3A}.Debug|x86.Build.0 = Debug|Any CPU
		{D714A899-902C-4771-ADB8-96CABC6E2E3A}.Release|Any CPU.ActiveCfg = Release|Any CPU
		{D714A899-902C-4771-ADB8-96CABC6E2E3A}.Release|Any CPU.Build.0 = Release|Any CPU
		{D714A899-902C-4771-ADB8-96CABC6E2E3A}.Release|x64.ActiveCfg = Release|Any CPU
		{D714A899-902C-4771-ADB8-96CABC6E2E3A}.Release|x64.Build.0 = Release|Any CPU
		{D714A899-902C-4771-ADB8-96CABC6E2E3A}.Release|x86.ActiveCfg = Release|Any CPU
		{D714A899-902C-4771-ADB8-96CABC6E2E3A}.Release|x86.Build.0 = Release|Any CPU
		{E5FE516F-C612-4A77-86A5-08ADDB76BB8E}.Debug|Any CPU.ActiveCfg = Debug|Any CPU
		{E5FE516F-C612-4A77-86A5-08ADDB76BB8E}.Debug|Any CPU.Build.0 = Debug|Any CPU
		{E5FE516F-C612-4A77-86A5-08ADDB76BB8E}.Debug|x64.ActiveCfg = Debug|Any CPU
		{E5FE516F-C612-4A77-86A5-08ADDB76BB8E}.Debug|x64.Build.0 = Debug|Any CPU
		{E5FE516F-C612-4A77-86A5-08ADDB76BB8E}.Debug|x86.ActiveCfg = Debug|Any CPU
		{E5FE516F-C612-4A77-86A5-08ADDB76BB8E}.Debug|x86.Build.0 = Debug|Any CPU
		{E5FE516F-C612-4A77-86A5-08ADDB76BB8E}.Release|Any CPU.ActiveCfg = Release|Any CPU
		{E5FE516F-C612-4A77-86A5-08ADDB76BB8E}.Release|Any CPU.Build.0 = Release|Any CPU
		{E5FE516F-C612-4A77-86A5-08ADDB76BB8E}.Release|x64.ActiveCfg = Release|Any CPU
		{E5FE516F-C612-4A77-86A5-08ADDB76BB8E}.Release|x64.Build.0 = Release|Any CPU
		{E5FE516F-C612-4A77-86A5-08ADDB76BB8E}.Release|x86.ActiveCfg = Release|Any CPU
		{E5FE516F-C612-4A77-86A5-08ADDB76BB8E}.Release|x86.Build.0 = Release|Any CPU
		{D359A59B-095E-4194-978C-648C9E95E5C4}.Debug|Any CPU.ActiveCfg = Debug|Any CPU
		{D359A59B-095E-4194-978C-648C9E95E5C4}.Debug|Any CPU.Build.0 = Debug|Any CPU
		{D359A59B-095E-4194-978C-648C9E95E5C4}.Debug|x64.ActiveCfg = Debug|Any CPU
		{D359A59B-095E-4194-978C-648C9E95E5C4}.Debug|x64.Build.0 = Debug|Any CPU
		{D359A59B-095E-4194-978C-648C9E95E5C4}.Debug|x86.ActiveCfg = Debug|Any CPU
		{D359A59B-095E-4194-978C-648C9E95E5C4}.Debug|x86.Build.0 = Debug|Any CPU
		{D359A59B-095E-4194-978C-648C9E95E5C4}.Release|Any CPU.ActiveCfg = Release|Any CPU
		{D359A59B-095E-4194-978C-648C9E95E5C4}.Release|Any CPU.Build.0 = Release|Any CPU
		{D359A59B-095E-4194-978C-648C9E95E5C4}.Release|x64.ActiveCfg = Release|Any CPU
		{D359A59B-095E-4194-978C-648C9E95E5C4}.Release|x64.Build.0 = Release|Any CPU
		{D359A59B-095E-4194-978C-648C9E95E5C4}.Release|x86.ActiveCfg = Release|Any CPU
		{D359A59B-095E-4194-978C-648C9E95E5C4}.Release|x86.Build.0 = Release|Any CPU
		{2E0EA2FC-045F-4B8D-8D49-4805E0731390}.Debug|Any CPU.ActiveCfg = Debug|Any CPU
		{2E0EA2FC-045F-4B8D-8D49-4805E0731390}.Debug|Any CPU.Build.0 = Debug|Any CPU
		{2E0EA2FC-045F-4B8D-8D49-4805E0731390}.Debug|x64.ActiveCfg = Debug|Any CPU
		{2E0EA2FC-045F-4B8D-8D49-4805E0731390}.Debug|x64.Build.0 = Debug|Any CPU
		{2E0EA2FC-045F-4B8D-8D49-4805E0731390}.Debug|x86.ActiveCfg = Debug|Any CPU
		{2E0EA2FC-045F-4B8D-8D49-4805E0731390}.Debug|x86.Build.0 = Debug|Any CPU
		{2E0EA2FC-045F-4B8D-8D49-4805E0731390}.Release|Any CPU.ActiveCfg = Release|Any CPU
		{2E0EA2FC-045F-4B8D-8D49-4805E0731390}.Release|Any CPU.Build.0 = Release|Any CPU
		{2E0EA2FC-045F-4B8D-8D49-4805E0731390}.Release|x64.ActiveCfg = Release|Any CPU
		{2E0EA2FC-045F-4B8D-8D49-4805E0731390}.Release|x64.Build.0 = Release|Any CPU
		{2E0EA2FC-045F-4B8D-8D49-4805E0731390}.Release|x86.ActiveCfg = Release|Any CPU
		{2E0EA2FC-045F-4B8D-8D49-4805E0731390}.Release|x86.Build.0 = Release|Any CPU
	EndGlobalSection
	GlobalSection(SolutionProperties) = preSolution
		HideSolutionNode = FALSE
	EndGlobalSection
EndGlobal
